
Microsoft Visual Studio Solution File, Format Version 12.00
# Visual Studio 15
VisualStudioVersion = 15.0.28307.572
MinimumVisualStudioVersion = 10.0.40219.1
Project("{9A19103F-16F7-4668-BE54-9A1E7A4F7556}") = "Entity", "Entity\Entity.csproj", "{F9E5EF5D-5AF7-4073-9D03-897DD7A0D64B}"
EndProject
Project("{9A19103F-16F7-4668-BE54-9A1E7A4F7556}") = "GenericRepository", "GenericRepository\GenericRepository.csproj", "{768D23C2-3FC1-4F31-B5CB-D1E9B07A477A}"
EndProject
Project("{9A19103F-16F7-4668-BE54-9A1E7A4F7556}") = "Services", "Services\Services.csproj", "{7747F6B6-9C83-4647-BDA1-91438BA9DB8F}"
EndProject
Project("{9A19103F-16F7-4668-BE54-9A1E7A4F7556}") = "WebUI", "WebUI\WebUI.csproj", "{BD175440-F352-4D7D-8217-FCE709FCAF1F}"
EndProject
Project("{9A19103F-16F7-4668-BE54-9A1E7A4F7556}") = "Helpers", "Helpers\Helpers.csproj", "{9B52D1D6-BFCB-4D4A-BB35-E95C250483B0}"
EndProject
Project("{FAE04EC0-301F-11D3-BF4B-00C04F79EFBC}") = "ElasticSearchRepository", "ElasticSearchRepository\ElasticSearchRepository.csproj", "{83A116C9-3CD1-4E29-A686-BCA106974A40}"
EndProject
Global
	GlobalSection(SolutionConfigurationPlatforms) = preSolution
		Debug|Any CPU = Debug|Any CPU
		Release|Any CPU = Release|Any CPU
	EndGlobalSection
	GlobalSection(ProjectConfigurationPlatforms) = postSolution
		{F9E5EF5D-5AF7-4073-9D03-897DD7A0D64B}.Debug|Any CPU.ActiveCfg = Debug|Any CPU
		{F9E5EF5D-5AF7-4073-9D03-897DD7A0D64B}.Debug|Any CPU.Build.0 = Debug|Any CPU
		{F9E5EF5D-5AF7-4073-9D03-897DD7A0D64B}.Release|Any CPU.ActiveCfg = Release|Any CPU
		{F9E5EF5D-5AF7-4073-9D03-897DD7A0D64B}.Release|Any CPU.Build.0 = Release|Any CPU
		{768D23C2-3FC1-4F31-B5CB-D1E9B07A477A}.Debug|Any CPU.ActiveCfg = Debug|Any CPU
		{768D23C2-3FC1-4F31-B5CB-D1E9B07A477A}.Debug|Any CPU.Build.0 = Debug|Any CPU
		{768D23C2-3FC1-4F31-B5CB-D1E9B07A477A}.Release|Any CPU.ActiveCfg = Release|Any CPU
		{768D23C2-3FC1-4F31-B5CB-D1E9B07A477A}.Release|Any CPU.Build.0 = Release|Any CPU
		{7747F6B6-9C83-4647-BDA1-91438BA9DB8F}.Debug|Any CPU.ActiveCfg = Debug|Any CPU
		{7747F6B6-9C83-4647-BDA1-91438BA9DB8F}.Debug|Any CPU.Build.0 = Debug|Any CPU
		{7747F6B6-9C83-4647-BDA1-91438BA9DB8F}.Release|Any CPU.ActiveCfg = Release|Any CPU
		{7747F6B6-9C83-4647-BDA1-91438BA9DB8F}.Release|Any CPU.Build.0 = Release|Any CPU
		{BD175440-F352-4D7D-8217-FCE709FCAF1F}.Debug|Any CPU.ActiveCfg = Debug|Any CPU
		{BD175440-F352-4D7D-8217-FCE709FCAF1F}.Debug|Any CPU.Build.0 = Debug|Any CPU
		{BD175440-F352-4D7D-8217-FCE709FCAF1F}.Release|Any CPU.ActiveCfg = Release|Any CPU
		{BD175440-F352-4D7D-8217-FCE709FCAF1F}.Release|Any CPU.Build.0 = Release|Any CPU
		{9B52D1D6-BFCB-4D4A-BB35-E95C250483B0}.Debug|Any CPU.ActiveCfg = Debug|Any CPU
		{9B52D1D6-BFCB-4D4A-BB35-E95C250483B0}.Debug|Any CPU.Build.0 = Debug|Any CPU
		{9B52D1D6-BFCB-4D4A-BB35-E95C250483B0}.Release|Any CPU.ActiveCfg = Release|Any CPU
		{9B52D1D6-BFCB-4D4A-BB35-E95C250483B0}.Release|Any CPU.Build.0 = Release|Any CPU
		{83A116C9-3CD1-4E29-A686-BCA106974A40}.Debug|Any CPU.ActiveCfg = Debug|Any CPU
		{83A116C9-3CD1-4E29-A686-BCA106974A40}.Debug|Any CPU.Build.0 = Debug|Any CPU
		{83A116C9-3CD1-4E29-A686-BCA106974A40}.Release|Any CPU.ActiveCfg = Release|Any CPU
		{83A116C9-3CD1-4E29-A686-BCA106974A40}.Release|Any CPU.Build.0 = Release|Any CPU
	EndGlobalSection
	GlobalSection(SolutionProperties) = preSolution
		HideSolutionNode = FALSE
	EndGlobalSection
	GlobalSection(ExtensibilityGlobals) = postSolution
		SolutionGuid = {86760DBB-FD0D-46B5-A74B-70155B9C544F}
	EndGlobalSection
EndGlobal
